Microsoft Visual Studio Solution File, Format Version 12.00
# Visual Studio Version 16
VisualStudioVersion = 16.0.29306.81
MinimumVisualStudioVersion = 10.0.40219.1
Project("{FAE04EC0-301F-11D3-BF4B-00C04F79EFBC}") = "shared", "..\sunamo\shared\shared.csproj", "{77719C0D-7C8B-4B9E-A644-AEE7CEB35134}"
EndProject
Project("{FAE04EC0-301F-11D3-BF4B-00C04F79EFBC}") = "desktop", "..\sunamo\desktop\desktop.csproj", "{772CACC2-80F3-4948-A443-3043195836E2}"
EndProject
Project("{FAE04EC0-301F-11D3-BF4B-00C04F79EFBC}") = "research", "..\sunamo\research\research.csproj", "{C7D6DEB5-3FA1-4095-8BF0-DE10BD36963C}"
EndProject
Project("{9A19103F-16F7-4668-BE54-9A1E7A4F7556}") = "SunamoYaml", "..\sunamoWithoutDep\SunamoYaml\SunamoYaml.csproj", "{D58DE9E5-17F0-4CC1-8B6B-6EEA634D8F4A}"
EndProject
Project("{9A19103F-16F7-4668-BE54-9A1E7A4F7556}") = "SunamoYaml.Tests", "SunamoYaml.Tests\SunamoYaml.Tests.csproj", "{4C66C385-380C-447A-A666-65D0F47A0FF4}"
EndProject
Project("{FAE04EC0-301F-11D3-BF4B-00C04F79EFBC}") = "SunamoIni", "..\sunamo\SunamoIni\SunamoIni.csproj", "{B6722A85-FFDD-4BDE-9006-212BF93553BC}"
EndProject
Project("{9A19103F-16F7-4668-BE54-9A1E7A4F7556}") = "Roslyn", "..\sunamo\Roslyn\Roslyn\Roslyn.csproj", "{82632D2A-6313-4811-ACE7-F6299E30A994}"
EndProject
Project("{9A19103F-16F7-4668-BE54-9A1E7A4F7556}") = "SunamoSqlite", "..\sunamo\SunamoSqlite\SunamoSqlite.csproj", "{EAF6B67E-002A-45DB-9536-BA500B504F50}"
EndProject
Project("{9A19103F-16F7-4668-BE54-9A1E7A4F7556}") = "SunamoCode", "..\sunamo\SunamoCode\SunamoCode.csproj", "{13CE8EBB-4822-4BD3-8A78-ABD785A6C12A}"
EndProject
Project("{9A19103F-16F7-4668-BE54-9A1E7A4F7556}") = "GDataTranslate", "..\Credentials\GDataTranslate\GDataTranslate.csproj", "{B92BC8AA-AAF8-43B1-9ADD-8B00DE3F8E1F}"
EndProject
Project("{9A19103F-16F7-4668-BE54-9A1E7A4F7556}") = "SunamoMarkdown", "..\sunamo\SunamoMarkdown\SunamoMarkdown.csproj", "{B380DFC7-34D0-48EF-AD8D-6B26C7413B98}"
EndProject
Project("{FAE04EC0-301F-11D3-BF4B-00C04F79EFBC}") = "Sql", "..\Credentials\Sql\Sql.csproj", "{94AAAE7D-4549-4D69-9B29-39E155591A1E}"
EndProject
Project("{9A19103F-16F7-4668-BE54-9A1E7A4F7556}") = "duo", "..\sunamo\duo\duo.csproj", "{D4C45A56-F726-4B63-B94B-4172AC65F358}"
EndProject
Project("{9A19103F-16F7-4668-BE54-9A1E7A4F7556}") = "SunamoTidy", "..\sunamo\SunamoTidy\SunamoTidy.csproj", "{B35EDC2F-BB57-4610-90DB-B1373E8E567D}"
EndProject
Project("{FAE04EC0-301F-11D3-BF4B-00C04F79EFBC}") = "sunamo", "..\sunamo\sunamo\sunamo.csproj", "{F6F92307-B0B3-4D6C-BD9C-8B5FF5560DCF}"
EndProject
Project("{FAE04EC0-301F-11D3-BF4B-00C04F79EFBC}") = "SunamoSqlServer", "..\sunamo\SunamoSqlServer\SunamoSqlServer.csproj", "{C9C1ECC5-2F3B-47F6-947B-931F261C5E2D}"
EndProject
Project("{9A19103F-16F7-4668-BE54-9A1E7A4F7556}") = "SunamoMathpix", "..\SunamoMathpix\SunamoMathpix\SunamoMathpix.csproj", "{6367B08E-F306-450F-9AB0-668B8D2234EE}"
EndProject
Project("{9A19103F-16F7-4668-BE54-9A1E7A4F7556}") = "SunamoLaTeX", "..\SunamoLaTeX\SunamoLaTeX\SunamoLaTeX.csproj", "{A58A4508-E6C1-4FCF-85DA-58C4EAEA5751}"
EndProject
Project("{FAE04EC0-301F-11D3-BF4B-00C04F79EFBC}") = "SunamoZip", "..\sunamoWithoutDep\SunamoZip\SunamoZip.csproj", "{38304F31-DCC7-42B6-84C7-8E7127CABBC9}"
EndProject
Project("{FAE04EC0-301F-11D3-BF4B-00C04F79EFBC}") = "SunamoZip.Tests", "SunamoZip.Tests\SunamoZip.Tests.csproj", "{5E590F58-F706-435A-BDC7-E333EC1BA564}"
EndProject
Project("{9A19103F-16F7-4668-BE54-9A1E7A4F7556}") = "SunamoGoPay", "..\sunamoWithoutDep\SunamoGoPay\SunamoGoPay.csproj", "{37DE57D4-09DB-4388-81BD-1C1AE958DD14}"
EndProject
Project("{9A19103F-16F7-4668-BE54-9A1E7A4F7556}") = "Scz", "..\Credentials\Scz\Scz.csproj", "{8C993F06-4162-4111-B4B9-F9A6FD1E0218}"
EndProject
Project("{9A19103F-16F7-4668-BE54-9A1E7A4F7556}") = "SunamoGoPay.Tests", "SunamoGoPay.Tests\SunamoGoPay.Tests.csproj", "{1A3D93FA-CA7F-44A9-ABD1-88E2A39830F4}"
EndProject
Project("{9A19103F-16F7-4668-BE54-9A1E7A4F7556}") = "SunamoGoPay.Tests2", "SunamoGoPay.Tests2\SunamoGoPay.Tests2.csproj", "{928F984F-86A4-4C85-B13E-D28EDF82741A}"
EndProject
Project("{9A19103F-16F7-4668-BE54-9A1E7A4F7556}") = "Crypting.Tests", "..\Credentials.Tests\Crypting.Tests\Crypting.Tests.csproj", "{6C08D5B2-C91C-47D6-803B-ED7419343842}"
EndProject
Project("{9A19103F-16F7-4668-BE54-9A1E7A4F7556}") = "SunamoJson.Tests", "SunamoJson.Tests\SunamoJson.Tests.csproj", "{BDC38BA7-8E03-425A-92CF-595A9A299A0B}"
EndProject
Project("{9A19103F-16F7-4668-BE54-9A1E7A4F7556}") = "TestValues", "..\sunamo.Tests\TestValues\TestValues.csproj", "{50714919-1973-4E8E-AB13-2E173ABDE434}"
EndProject
Project("{9A19103F-16F7-4668-BE54-9A1E7A4F7556}") = "SunamoJson", "..\sunamoWithoutDep\SunamoJson\SunamoJson.csproj", "{7E5C68D9-7B9A-4442-9671-1A4AE2BBB480}"
EndProject
Project("{FAE04EC0-301F-11D3-BF4B-00C04F79EFBC}") = "Xlf", "..\sunamo\Xlf\Xlf.csproj", "{00B76D22-B82F-43FD-AC48-4B1F56E6910F}"
EndProject
Project("{9A19103F-16F7-4668-BE54-9A1E7A4F7556}") = "SunamoIco.Tests", "SunamoIco.Tests\SunamoIco.Tests.csproj", "{D5D16083-EB62-4AD5-BD9D-3668ADC86451}"
EndProject
Project("{9A19103F-16F7-4668-BE54-9A1E7A4F7556}") = "SunamoJson.NUnit.Tests", "SunamoJson.NUnit.Tests\SunamoJson.NUnit.Tests.csproj", "{71A30F5A-FF64-4161-8097-92E937E02A86}"
EndProject
Project("{FAE04EC0-301F-11D3-BF4B-00C04F79EFBC}") = "SunamoIco", "..\sunamoWithoutDep\SunamoIco\SunamoIco.csproj", "{8E10D86B-92C7-44DF-9F57-F32B2F36BA1C}"
EndProject
Global
	GlobalSection(SolutionConfigurationPlatforms) = preSolution
		Debug|Any CPU = Debug|Any CPU
		Debug|x64 = Debug|x64
		Debug|x86 = Debug|x86
		Release|Any CPU = Release|Any CPU
		Release|x64 = Release|x64
		Release|x86 = Release|x86
	EndGlobalSection
	GlobalSection(ProjectConfigurationPlatforms) = postSolution
		{77719C0D-7C8B-4B9E-A644-AEE7CEB35134}.Debug|Any CPU.ActiveCfg = Debug|Any CPU
		{77719C0D-7C8B-4B9E-A644-AEE7CEB35134}.Debug|Any CPU.Build.0 = Debug|Any CPU
		{77719C0D-7C8B-4B9E-A644-AEE7CEB35134}.Debug|x64.ActiveCfg = Debug|x64
		{77719C0D-7C8B-4B9E-A644-AEE7CEB35134}.Debug|x64.Build.0 = Debug|x64
		{77719C0D-7C8B-4B9E-A644-AEE7CEB35134}.Debug|x86.ActiveCfg = Debug|x86
		{77719C0D-7C8B-4B9E-A644-AEE7CEB35134}.Debug|x86.Build.0 = Debug|x86
		{77719C0D-7C8B-4B9E-A644-AEE7CEB35134}.Release|Any CPU.ActiveCfg = Release|Any CPU
		{77719C0D-7C8B-4B9E-A644-AEE7CEB35134}.Release|Any CPU.Build.0 = Release|Any CPU
		{77719C0D-7C8B-4B9E-A644-AEE7CEB35134}.Release|x64.ActiveCfg = Release|x64
		{77719C0D-7C8B-4B9E-A644-AEE7CEB35134}.Release|x64.Build.0 = Release|x64
		{77719C0D-7C8B-4B9E-A644-AEE7CEB35134}.Release|x86.ActiveCfg = Release|x86
		{77719C0D-7C8B-4B9E-A644-AEE7CEB35134}.Release|x86.Build.0 = Release|x86
		{772CACC2-80F3-4948-A443-3043195836E2}.Debug|Any CPU.ActiveCfg = Debug|Any CPU
		{772CACC2-80F3-4948-A443-3043195836E2}.Debug|Any CPU.Build.0 = Debug|Any CPU
		{772CACC2-80F3-4948-A443-3043195836E2}.Debug|x64.ActiveCfg = Debug|x64
		{772CACC2-80F3-4948-A443-3043195836E2}.Debug|x64.Build.0 = Debug|x64
		{772CACC2-80F3-4948-A443-3043195836E2}.Debug|x86.ActiveCfg = Debug|x86
		{772CACC2-80F3-4948-A443-3043195836E2}.Debug|x86.Build.0 = Debug|x86
		{772CACC2-80F3-4948-A443-3043195836E2}.Release|Any CPU.ActiveCfg = Release|Any CPU
		{772CACC2-80F3-4948-A443-3043195836E2}.Release|Any CPU.Build.0 = Release|Any CPU
		{772CACC2-80F3-4948-A443-3043195836E2}.Release|x64.ActiveCfg = Release|x64
		{772CACC2-80F3-4948-A443-3043195836E2}.Release|x64.Build.0 = Release|x64
		{772CACC2-80F3-4948-A443-3043195836E2}.Release|x86.ActiveCfg = Release|x86
		{772CACC2-80F3-4948-A443-3043195836E2}.Release|x86.Build.0 = Release|x86
		{C7D6DEB5-3FA1-4095-8BF0-DE10BD36963C}.Debug|Any CPU.ActiveCfg = Debug|Any CPU
		{C7D6DEB5-3FA1-4095-8BF0-DE10BD36963C}.Debug|Any CPU.Build.0 = Debug|Any CPU
		{C7D6DEB5-3FA1-4095-8BF0-DE10BD36963C}.Debug|x64.ActiveCfg = Debug|Any CPU
		{C7D6DEB5-3FA1-4095-8BF0-DE10BD36963C}.Debug|x64.Build.0 = Debug|Any CPU
		{C7D6DEB5-3FA1-4095-8BF0-DE10BD36963C}.Debug|x86.ActiveCfg = Debug|Any CPU
		{C7D6DEB5-3FA1-4095-8BF0-DE10BD36963C}.Debug|x86.Build.0 = Debug|Any CPU
		{C7D6DEB5-3FA1-4095-8BF0-DE10BD36963C}.Release|Any CPU.ActiveCfg = Release|Any CPU
		{C7D6DEB5-3FA1-4095-8BF0-DE10BD36963C}.Release|Any CPU.Build.0 = Release|Any CPU
		{C7D6DEB5-3FA1-4095-8BF0-DE10BD36963C}.Release|x64.ActiveCfg = Release|Any CPU
		{C7D6DEB5-3FA1-4095-8BF0-DE10BD36963C}.Release|x64.Build.0 = Release|Any CPU
		{C7D6DEB5-3FA1-4095-8BF0-DE10BD36963C}.Release|x86.ActiveCfg = Release|Any CPU
		{C7D6DEB5-3FA1-4095-8BF0-DE10BD36963C}.Release|x86.Build.0 = Release|Any CPU
		{D58DE9E5-17F0-4CC1-8B6B-6EEA634D8F4A}.Debug|Any CPU.ActiveCfg = Debug|Any CPU
		{D58DE9E5-17F0-4CC1-8B6B-6EEA634D8F4A}.Debug|Any CPU.Build.0 = Debug|Any CPU
		{D58DE9E5-17F0-4CC1-8B6B-6EEA634D8F4A}.Debug|x64.ActiveCfg = Debug|Any CPU
		{D58DE9E5-17F0-4CC1-8B6B-6EEA634D8F4A}.Debug|x64.Build.0 = Debug|Any CPU
		{D58DE9E5-17F0-4CC1-8B6B-6EEA634D8F4A}.Debug|x86.ActiveCfg = Debug|Any CPU
		{D58DE9E5-17F0-4CC1-8B6B-6EEA634D8F4A}.Debug|x86.Build.0 = Debug|Any CPU
		{D58DE9E5-17F0-4CC1-8B6B-6EEA634D8F4A}.Release|Any CPU.ActiveCfg = Release|Any CPU
		{D58DE9E5-17F0-4CC1-8B6B-6EEA634D8F4A}.Release|Any CPU.Build.0 = Release|Any CPU
		{D58DE9E5-17F0-4CC1-8B6B-6EEA634D8F4A}.Release|x64.ActiveCfg = Release|Any CPU
		{D58DE9E5-17F0-4CC1-8B6B-6EEA634D8F4A}.Release|x64.Build.0 = Release|Any CPU
		{D58DE9E5-17F0-4CC1-8B6B-6EEA634D8F4A}.Release|x86.ActiveCfg = Release|Any CPU
		{D58DE9E5-17F0-4CC1-8B6B-6EEA634D8F4A}.Release|x86.Build.0 = Release|Any CPU
		{4C66C385-380C-447A-A666-65D0F47A0FF4}.Debug|Any CPU.ActiveCfg = Debug|Any CPU
		{4C66C385-380C-447A-A666-65D0F47A0FF4}.Debug|Any CPU.Build.0 = Debug|Any CPU
		{4C66C385-380C-447A-A666-65D0F47A0FF4}.Debug|x64.ActiveCfg = Debug|Any CPU
		{4C66C385-380C-447A-A666-65D0F47A0FF4}.Debug|x64.Build.0 = Debug|Any CPU
		{4C66C385-380C-447A-A666-65D0F47A0FF4}.Debug|x86.ActiveCfg = Debug|Any CPU
		{4C66C385-380C-447A-A666-65D0F47A0FF4}.Debug|x86.Build.0 = Debug|Any CPU
		{4C66C385-380C-447A-A666-65D0F47A0FF4}.Release|Any CPU.ActiveCfg = Release|Any CPU
		{4C66C385-380C-447A-A666-65D0F47A0FF4}.Release|Any CPU.Build.0 = Release|Any CPU
		{4C66C385-380C-447A-A666-65D0F47A0FF4}.Release|x64.ActiveCfg = Release|Any CPU
		{4C66C385-380C-447A-A666-65D0F47A0FF4}.Release|x64.Build.0 = Release|Any CPU
		{4C66C385-380C-447A-A666-65D0F47A0FF4}.Release|x86.ActiveCfg = Release|Any CPU
		{4C66C385-380C-447A-A666-65D0F47A0FF4}.Release|x86.Build.0 = Release|Any CPU
		{B6722A85-FFDD-4BDE-9006-212BF93553BC}.Debug|Any CPU.ActiveCfg = Debug|Any CPU
		{B6722A85-FFDD-4BDE-9006-212BF93553BC}.Debug|Any CPU.Build.0 = Debug|Any CPU
		{B6722A85-FFDD-4BDE-9006-212BF93553BC}.Debug|x64.ActiveCfg = Debug|x64
		{B6722A85-FFDD-4BDE-9006-212BF93553BC}.Debug|x64.Build.0 = Debug|x64
		{B6722A85-FFDD-4BDE-9006-212BF93553BC}.Debug|x86.ActiveCfg = Debug|x86
		{B6722A85-FFDD-4BDE-9006-212BF93553BC}.Debug|x86.Build.0 = Debug|x86
		{B6722A85-FFDD-4BDE-9006-212BF93553BC}.Release|Any CPU.ActiveCfg = Release|Any CPU
		{B6722A85-FFDD-4BDE-9006-212BF93553BC}.Release|Any CPU.Build.0 = Release|Any CPU
		{B6722A85-FFDD-4BDE-9006-212BF93553BC}.Release|x64.ActiveCfg = Release|x64
		{B6722A85-FFDD-4BDE-9006-212BF93553BC}.Release|x64.Build.0 = Release|x64
		{B6722A85-FFDD-4BDE-9006-212BF93553BC}.Release|x86.ActiveCfg = Release|x86
		{B6722A85-FFDD-4BDE-9006-212BF93553BC}.Release|x86.Build.0 = Release|x86
		{82632D2A-6313-4811-ACE7-F6299E30A994}.Debug|Any CPU.ActiveCfg = Debug|Any CPU
		{82632D2A-6313-4811-ACE7-F6299E30A994}.Debug|Any CPU.Build.0 = Debug|Any CPU
		{82632D2A-6313-4811-ACE7-F6299E30A994}.Debug|x64.ActiveCfg = Debug|Any CPU
		{82632D2A-6313-4811-ACE7-F6299E30A994}.Debug|x64.Build.0 = Debug|Any CPU
		{82632D2A-6313-4811-ACE7-F6299E30A994}.Debug|x86.ActiveCfg = Debug|Any CPU
		{82632D2A-6313-4811-ACE7-F6299E30A994}.Debug|x86.Build.0 = Debug|Any CPU
		{82632D2A-6313-4811-ACE7-F6299E30A994}.Release|Any CPU.ActiveCfg = Release|Any CPU
		{82632D2A-6313-4811-ACE7-F6299E30A994}.Release|Any CPU.Build.0 = Release|Any CPU
		{82632D2A-6313-4811-ACE7-F6299E30A994}.Release|x64.ActiveCfg = Release|Any CPU
		{82632D2A-6313-4811-ACE7-F6299E30A994}.Release|x64.Build.0 = Release|Any CPU
		{82632D2A-6313-4811-ACE7-F6299E30A994}.Release|x86.ActiveCfg = Release|Any CPU
		{82632D2A-6313-4811-ACE7-F6299E30A994}.Release|x86.Build.0 = Release|Any CPU
		{EAF6B67E-002A-45DB-9536-BA500B504F50}.Debug|Any CPU.ActiveCfg = Debug|Any CPU
		{EAF6B67E-002A-45DB-9536-BA500B504F50}.Debug|Any CPU.Build.0 = Debug|Any CPU
		{EAF6B67E-002A-45DB-9536-BA500B504F50}.Debug|x64.ActiveCfg = Debug|Any CPU
		{EAF6B67E-002A-45DB-9536-BA500B504F50}.Debug|x64.Build.0 = Debug|Any CPU
		{EAF6B67E-002A-45DB-9536-BA500B504F50}.Debug|x86.ActiveCfg = Debug|Any CPU
		{EAF6B67E-002A-45DB-9536-BA500B504F50}.Debug|x86.Build.0 = Debug|Any CPU
		{EAF6B67E-002A-45DB-9536-BA500B504F50}.Release|Any CPU.ActiveCfg = Release|Any CPU
		{EAF6B67E-002A-45DB-9536-BA500B504F50}.Release|Any CPU.Build.0 = Release|Any CPU
		{EAF6B67E-002A-45DB-9536-BA500B504F50}.Release|x64.ActiveCfg = Release|Any CPU
		{EAF6B67E-002A-45DB-9536-BA500B504F50}.Release|x64.Build.0 = Release|Any CPU
		{EAF6B67E-002A-45DB-9536-BA500B504F50}.Release|x86.ActiveCfg = Release|Any CPU
		{EAF6B67E-002A-45DB-9536-BA500B504F50}.Release|x86.Build.0 = Release|Any CPU
		{13CE8EBB-4822-4BD3-8A78-ABD785A6C12A}.Debug|Any CPU.ActiveCfg = Debug|Any CPU
		{13CE8EBB-4822-4BD3-8A78-ABD785A6C12A}.Debug|Any CPU.Build.0 = Debug|Any CPU
		{13CE8EBB-4822-4BD3-8A78-ABD785A6C12A}.Debug|x64.ActiveCfg = Debug|Any CPU
		{13CE8EBB-4822-4BD3-8A78-ABD785A6C12A}.Debug|x64.Build.0 = Debug|Any CPU
		{13CE8EBB-4822-4BD3-8A78-ABD785A6C12A}.Debug|x86.ActiveCfg = Debug|Any CPU
		{13CE8EBB-4822-4BD3-8A78-ABD785A6C12A}.Debug|x86.Build.0 = Debug|Any CPU
		{13CE8EBB-4822-4BD3-8A78-ABD785A6C12A}.Release|Any CPU.ActiveCfg = Release|Any CPU
		{13CE8EBB-4822-4BD3-8A78-ABD785A6C12A}.Release|Any CPU.Build.0 = Release|Any CPU
		{13CE8EBB-4822-4BD3-8A78-ABD785A6C12A}.Release|x64.ActiveCfg = Release|Any CPU
		{13CE8EBB-4822-4BD3-8A78-ABD785A6C12A}.Release|x64.Build.0 = Release|Any CPU
		{13CE8EBB-4822-4BD3-8A78-ABD785A6C12A}.Release|x86.ActiveCfg = Release|Any CPU
		{13CE8EBB-4822-4BD3-8A78-ABD785A6C12A}.Release|x86.Build.0 = Release|Any CPU
		{B92BC8AA-AAF8-43B1-9ADD-8B00DE3F8E1F}.Debug|Any CPU.ActiveCfg = Debug|Any CPU
		{B92BC8AA-AAF8-43B1-9ADD-8B00DE3F8E1F}.Debug|Any CPU.Build.0 = Debug|Any CPU
		{B92BC8AA-AAF8-43B1-9ADD-8B00DE3F8E1F}.Debug|x64.ActiveCfg = Debug|Any CPU
		{B92BC8AA-AAF8-43B1-9ADD-8B00DE3F8E1F}.Debug|x64.Build.0 = Debug|Any CPU
		{B92BC8AA-AAF8-43B1-9ADD-8B00DE3F8E1F}.Debug|x86.ActiveCfg = Debug|Any CPU
		{B92BC8AA-AAF8-43B1-9ADD-8B00DE3F8E1F}.Debug|x86.Build.0 = Debug|Any CPU
		{B92BC8AA-AAF8-43B1-9ADD-8B00DE3F8E1F}.Release|Any CPU.ActiveCfg = Release|Any CPU
		{B92BC8AA-AAF8-43B1-9ADD-8B00DE3F8E1F}.Release|Any CPU.Build.0 = Release|Any CPU
		{B92BC8AA-AAF8-43B1-9ADD-8B00DE3F8E1F}.Release|x64.ActiveCfg = Release|Any CPU
		{B92BC8AA-AAF8-43B1-9ADD-8B00DE3F8E1F}.Release|x64.Build.0 = Release|Any CPU
		{B92BC8AA-AAF8-43B1-9ADD-8B00DE3F8E1F}.Release|x86.ActiveCfg = Release|Any CPU
		{B92BC8AA-AAF8-43B1-9ADD-8B00DE3F8E1F}.Release|x86.Build.0 = Release|Any CPU
		{B380DFC7-34D0-48EF-AD8D-6B26C7413B98}.Debug|Any CPU.ActiveCfg = Debug|Any CPU
		{B380DFC7-34D0-48EF-AD8D-6B26C7413B98}.Debug|Any CPU.Build.0 = Debug|Any CPU
		{B380DFC7-34D0-48EF-AD8D-6B26C7413B98}.Debug|x64.ActiveCfg = Debug|Any CPU
		{B380DFC7-34D0-48EF-AD8D-6B26C7413B98}.Debug|x64.Build.0 = Debug|Any CPU
		{B380DFC7-34D0-48EF-AD8D-6B26C7413B98}.Debug|x86.ActiveCfg = Debug|Any CPU
		{B380DFC7-34D0-48EF-AD8D-6B26C7413B98}.Debug|x86.Build.0 = Debug|Any CPU
		{B380DFC7-34D0-48EF-AD8D-6B26C7413B98}.Release|Any CPU.ActiveCfg = Release|Any CPU
		{B380DFC7-34D0-48EF-AD8D-6B26C7413B98}.Release|Any CPU.Build.0 = Release|Any CPU
		{B380DFC7-34D0-48EF-AD8D-6B26C7413B98}.Release|x64.ActiveCfg = Release|Any CPU
		{B380DFC7-34D0-48EF-AD8D-6B26C7413B98}.Release|x64.Build.0 = Release|Any CPU
		{B380DFC7-34D0-48EF-AD8D-6B26C7413B98}.Release|x86.ActiveCfg = Release|Any CPU
		{B380DFC7-34D0-48EF-AD8D-6B26C7413B98}.Release|x86.Build.0 = Release|Any CPU
		{94AAAE7D-4549-4D69-9B29-39E155591A1E}.Debug|Any CPU.ActiveCfg = Debug|Any CPU
		{94AAAE7D-4549-4D69-9B29-39E155591A1E}.Debug|Any CPU.Build.0 = Debug|Any CPU
		{94AAAE7D-4549-4D69-9B29-39E155591A1E}.Debug|x64.ActiveCfg = Debug|Any CPU
		{94AAAE7D-4549-4D69-9B29-39E155591A1E}.Debug|x64.Build.0 = Debug|Any CPU
		{94AAAE7D-4549-4D69-9B29-39E155591A1E}.Debug|x86.ActiveCfg = Debug|Any CPU
		{94AAAE7D-4549-4D69-9B29-39E155591A1E}.Debug|x86.Build.0 = Debug|Any CPU
		{94AAAE7D-4549-4D69-9B29-39E155591A1E}.Release|Any CPU.ActiveCfg = Release|Any CPU
		{94AAAE7D-4549-4D69-9B29-39E155591A1E}.Release|Any CPU.Build.0 = Release|Any CPU
		{94AAAE7D-4549-4D69-9B29-39E155591A1E}.Release|x64.ActiveCfg = Release|Any CPU
		{94AAAE7D-4549-4D69-9B29-39E155591A1E}.Release|x64.Build.0 = Release|Any CPU
		{94AAAE7D-4549-4D69-9B29-39E155591A1E}.Release|x86.ActiveCfg = Release|Any CPU
		{94AAAE7D-4549-4D69-9B29-39E155591A1E}.Release|x86.Build.0 = Release|Any CPU
		{D4C45A56-F726-4B63-B94B-4172AC65F358}.Debug|Any CPU.ActiveCfg = Debug|Any CPU
		{D4C45A56-F726-4B63-B94B-4172AC65F358}.Debug|Any CPU.Build.0 = Debug|Any CPU
		{D4C45A56-F726-4B63-B94B-4172AC65F358}.Debug|x64.ActiveCfg = Debug|Any CPU
		{D4C45A56-F726-4B63-B94B-4172AC65F358}.Debug|x64.Build.0 = Debug|Any CPU
		{D4C45A56-F726-4B63-B94B-4172AC65F358}.Debug|x86.ActiveCfg = Debug|Any CPU
		{D4C45A56-F726-4B63-B94B-4172AC65F358}.Debug|x86.Build.0 = Debug|Any CPU
		{D4C45A56-F726-4B63-B94B-4172AC65F358}.Release|Any CPU.ActiveCfg = Release|Any CPU
		{D4C45A56-F726-4B63-B94B-4172AC65F358}.Release|Any CPU.Build.0 = Release|Any CPU
		{D4C45A56-F726-4B63-B94B-4172AC65F358}.Release|x64.ActiveCfg = Release|Any CPU
		{D4C45A56-F726-4B63-B94B-4172AC65F358}.Release|x64.Build.0 = Release|Any CPU
		{D4C45A56-F726-4B63-B94B-4172AC65F358}.Release|x86.ActiveCfg = Release|Any CPU
		{D4C45A56-F726-4B63-B94B-4172AC65F358}.Release|x86.Build.0 = Release|Any CPU
		{B35EDC2F-BB57-4610-90DB-B1373E8E567D}.Debug|Any CPU.ActiveCfg = Debug|Any CPU
		{B35EDC2F-BB57-4610-90DB-B1373E8E567D}.Debug|Any CPU.Build.0 = Debug|Any CPU
		{B35EDC2F-BB57-4610-90DB-B1373E8E567D}.Debug|x64.ActiveCfg = Debug|Any CPU
		{B35EDC2F-BB57-4610-90DB-B1373E8E567D}.Debug|x64.Build.0 = Debug|Any CPU
		{B35EDC2F-BB57-4610-90DB-B1373E8E567D}.Debug|x86.ActiveCfg = Debug|Any CPU
		{B35EDC2F-BB57-4610-90DB-B1373E8E567D}.Debug|x86.Build.0 = Debug|Any CPU
		{B35EDC2F-BB57-4610-90DB-B1373E8E567D}.Release|Any CPU.ActiveCfg = Release|Any CPU
		{B35EDC2F-BB57-4610-90DB-B1373E8E567D}.Release|Any CPU.Build.0 = Release|Any CPU
		{B35EDC2F-BB57-4610-90DB-B1373E8E567D}.Release|x64.ActiveCfg = Release|Any CPU
		{B35EDC2F-BB57-4610-90DB-B1373E8E567D}.Release|x64.Build.0 = Release|Any CPU
		{B35EDC2F-BB57-4610-90DB-B1373E8E567D}.Release|x86.ActiveCfg = Release|Any CPU
		{B35EDC2F-BB57-4610-90DB-B1373E8E567D}.Release|x86.Build.0 = Release|Any CPU
		{F6F92307-B0B3-4D6C-BD9C-8B5FF5560DCF}.Debug|Any CPU.ActiveCfg = Debug|Any CPU
		{F6F92307-B0B3-4D6C-BD9C-8B5FF5560DCF}.Debug|Any CPU.Build.0 = Debug|Any CPU
		{F6F92307-B0B3-4D6C-BD9C-8B5FF5560DCF}.Debug|x64.ActiveCfg = Debug|Any CPU
		{F6F92307-B0B3-4D6C-BD9C-8B5FF5560DCF}.Debug|x64.Build.0 = Debug|Any CPU
		{F6F92307-B0B3-4D6C-BD9C-8B5FF5560DCF}.Debug|x86.ActiveCfg = Debug|Any CPU
		{F6F92307-B0B3-4D6C-BD9C-8B5FF5560DCF}.Debug|x86.Build.0 = Debug|Any CPU
		{F6F92307-B0B3-4D6C-BD9C-8B5FF5560DCF}.Release|Any CPU.ActiveCfg = Release|Any CPU
		{F6F92307-B0B3-4D6C-BD9C-8B5FF5560DCF}.Release|Any CPU.Build.0 = Release|Any CPU
		{F6F92307-B0B3-4D6C-BD9C-8B5FF5560DCF}.Release|x64.ActiveCfg = Release|Any CPU
		{F6F92307-B0B3-4D6C-BD9C-8B5FF5560DCF}.Release|x64.Build.0 = Release|Any CPU
		{F6F92307-B0B3-4D6C-BD9C-8B5FF5560DCF}.Release|x86.ActiveCfg = Release|Any CPU
		{F6F92307-B0B3-4D6C-BD9C-8B5FF5560DCF}.Release|x86.Build.0 = Release|Any CPU
		{C9C1ECC5-2F3B-47F6-947B-931F261C5E2D}.Debug|Any CPU.ActiveCfg = Debug|Any CPU
		{C9C1ECC5-2F3B-47F6-947B-931F261C5E2D}.Debug|Any CPU.Build.0 = Debug|Any CPU
		{C9C1ECC5-2F3B-47F6-947B-931F261C5E2D}.Debug|x64.ActiveCfg = Debug|Any CPU
		{C9C1ECC5-2F3B-47F6-947B-931F261C5E2D}.Debug|x64.Build.0 = Debug|Any CPU
		{C9C1ECC5-2F3B-47F6-947B-931F261C5E2D}.Debug|x86.ActiveCfg = Debug|Any CPU
		{C9C1ECC5-2F3B-47F6-947B-931F261C5E2D}.Debug|x86.Build.0 = Debug|Any CPU
		{C9C1ECC5-2F3B-47F6-947B-931F261C5E2D}.Release|Any CPU.ActiveCfg = Release|Any CPU
		{C9C1ECC5-2F3B-47F6-947B-931F261C5E2D}.Release|Any CPU.Build.0 = Release|Any CPU
		{C9C1ECC5-2F3B-47F6-947B-931F261C5E2D}.Release|x64.ActiveCfg = Release|Any CPU
		{C9C1ECC5-2F3B-47F6-947B-931F261C5E2D}.Release|x64.Build.0 = Release|Any CPU
		{C9C1ECC5-2F3B-47F6-947B-931F261C5E2D}.Release|x86.ActiveCfg = Release|Any CPU
		{C9C1ECC5-2F3B-47F6-947B-931F261C5E2D}.Release|x86.Build.0 = Release|Any CPU
		{6367B08E-F306-450F-9AB0-668B8D2234EE}.Debug|Any CPU.ActiveCfg = Debug|Any CPU
		{6367B08E-F306-450F-9AB0-668B8D2234EE}.Debug|Any CPU.Build.0 = Debug|Any CPU
		{6367B08E-F306-450F-9AB0-668B8D2234EE}.Debug|x64.ActiveCfg = Debug|Any CPU
		{6367B08E-F306-450F-9AB0-668B8D2234EE}.Debug|x64.Build.0 = Debug|Any CPU
		{6367B08E-F306-450F-9AB0-668B8D2234EE}.Debug|x86.ActiveCfg = Debug|Any CPU
		{6367B08E-F306-450F-9AB0-668B8D2234EE}.Debug|x86.Build.0 = Debug|Any CPU
		{6367B08E-F306-450F-9AB0-668B8D2234EE}.Release|Any CPU.ActiveCfg = Release|Any CPU
		{6367B08E-F306-450F-9AB0-668B8D2234EE}.Release|Any CPU.Build.0 = Release|Any CPU
		{6367B08E-F306-450F-9AB0-668B8D2234EE}.Release|x64.ActiveCfg = Release|Any CPU
		{6367B08E-F306-450F-9AB0-668B8D2234EE}.Release|x64.Build.0 = Release|Any CPU
		{6367B08E-F306-450F-9AB0-668B8D2234EE}.Release|x86.ActiveCfg = Release|Any CPU
		{6367B08E-F306-450F-9AB0-668B8D2234EE}.Release|x86.Build.0 = Release|Any CPU
		{A58A4508-E6C1-4FCF-85DA-58C4EAEA5751}.Debug|Any CPU.ActiveCfg = Debug|Any CPU
		{A58A4508-E6C1-4FCF-85DA-58C4EAEA5751}.Debug|Any CPU.Build.0 = Debug|Any CPU
		{A58A4508-E6C1-4FCF-85DA-58C4EAEA5751}.Debug|x64.ActiveCfg = Debug|Any CPU
		{A58A4508-E6C1-4FCF-85DA-58C4EAEA5751}.Debug|x64.Build.0 = Debug|Any CPU
		{A58A4508-E6C1-4FCF-85DA-58C4EAEA5751}.Debug|x86.ActiveCfg = Debug|Any CPU
		{A58A4508-E6C1-4FCF-85DA-58C4EAEA5751}.Debug|x86.Build.0 = Debug|Any CPU
		{A58A4508-E6C1-4FCF-85DA-58C4EAEA5751}.Release|Any CPU.ActiveCfg = Release|Any CPU
		{A58A4508-E6C1-4FCF-85DA-58C4EAEA5751}.Release|Any CPU.Build.0 = Release|Any CPU
		{A58A4508-E6C1-4FCF-85DA-58C4EAEA5751}.Release|x64.ActiveCfg = Release|Any CPU
		{A58A4508-E6C1-4FCF-85DA-58C4EAEA5751}.Release|x64.Build.0 = Release|Any CPU
		{A58A4508-E6C1-4FCF-85DA-58C4EAEA5751}.Release|x86.ActiveCfg = Release|Any CPU
		{A58A4508-E6C1-4FCF-85DA-58C4EAEA5751}.Release|x86.Build.0 = Release|Any CPU
		{38304F31-DCC7-42B6-84C7-8E7127CABBC9}.Debug|Any CPU.ActiveCfg = Debug|Any CPU
		{38304F31-DCC7-42B6-84C7-8E7127CABBC9}.Debug|Any CPU.Build.0 = Debug|Any CPU
		{38304F31-DCC7-42B6-84C7-8E7127CABBC9}.Debug|x64.ActiveCfg = Debug|x64
		{38304F31-DCC7-42B6-84C7-8E7127CABBC9}.Debug|x64.Build.0 = Debug|x64
		{38304F31-DCC7-42B6-84C7-8E7127CABBC9}.Debug|x86.ActiveCfg = Debug|x86
		{38304F31-DCC7-42B6-84C7-8E7127CABBC9}.Debug|x86.Build.0 = Debug|x86
		{38304F31-DCC7-42B6-84C7-8E7127CABBC9}.Release|Any CPU.ActiveCfg = Release|Any CPU
		{38304F31-DCC7-42B6-84C7-8E7127CABBC9}.Release|Any CPU.Build.0 = Release|Any CPU
		{38304F31-DCC7-42B6-84C7-8E7127CABBC9}.Release|x64.ActiveCfg = Release|x64
		{38304F31-DCC7-42B6-84C7-8E7127CABBC9}.Release|x64.Build.0 = Release|x64
		{38304F31-DCC7-42B6-84C7-8E7127CABBC9}.Release|x86.ActiveCfg = Release|x86
		{38304F31-DCC7-42B6-84C7-8E7127CABBC9}.Release|x86.Build.0 = Release|x86
		{5E590F58-F706-435A-BDC7-E333EC1BA564}.Debug|Any CPU.ActiveCfg = Debug|Any CPU
		{5E590F58-F706-435A-BDC7-E333EC1BA564}.Debug|Any CPU.Build.0 = Debug|Any CPU
		{5E590F58-F706-435A-BDC7-E333EC1BA564}.Debug|x64.ActiveCfg = Debug|Any CPU
		{5E590F58-F706-435A-BDC7-E333EC1BA564}.Debug|x64.Build.0 = Debug|Any CPU
		{5E590F58-F706-435A-BDC7-E333EC1BA564}.Debug|x86.ActiveCfg = Debug|Any CPU
		{5E590F58-F706-435A-BDC7-E333EC1BA564}.Debug|x86.Build.0 = Debug|Any CPU
		{5E590F58-F706-435A-BDC7-E333EC1BA564}.Release|Any CPU.ActiveCfg = Release|Any CPU
		{5E590F58-F706-435A-BDC7-E333EC1BA564}.Release|Any CPU.Build.0 = Release|Any CPU
		{5E590F58-F706-435A-BDC7-E333EC1BA564}.Release|x64.ActiveCfg = Release|Any CPU
		{5E590F58-F706-435A-BDC7-E333EC1BA564}.Release|x64.Build.0 = Release|Any CPU
		{5E590F58-F706-435A-BDC7-E333EC1BA564}.Release|x86.ActiveCfg = Release|Any CPU
		{5E590F58-F706-435A-BDC7-E333EC1BA564}.Release|x86.Build.0 = Release|Any CPU
		{37DE57D4-09DB-4388-81BD-1C1AE958DD14}.Debug|Any CPU.ActiveCfg = Debug|Any CPU
		{37DE57D4-09DB-4388-81BD-1C1AE958DD14}.Debug|Any CPU.Build.0 = Debug|Any CPU
		{37DE57D4-09DB-4388-81BD-1C1AE958DD14}.Debug|x64.ActiveCfg = Debug|Any CPU
		{37DE57D4-09DB-4388-81BD-1C1AE958DD14}.Debug|x64.Build.0 = Debug|Any CPU
		{37DE57D4-09DB-4388-81BD-1C1AE958DD14}.Debug|x86.ActiveCfg = Debug|Any CPU
		{37DE57D4-09DB-4388-81BD-1C1AE958DD14}.Debug|x86.Build.0 = Debug|Any CPU
		{37DE57D4-09DB-4388-81BD-1C1AE958DD14}.Release|Any CPU.ActiveCfg = Release|Any CPU
		{37DE57D4-09DB-4388-81BD-1C1AE958DD14}.Release|Any CPU.Build.0 = Release|Any CPU
		{37DE57D4-09DB-4388-81BD-1C1AE958DD14}.Release|x64.ActiveCfg = Release|Any CPU
		{37DE57D4-09DB-4388-81BD-1C1AE958DD14}.Release|x64.Build.0 = Release|Any CPU
		{37DE57D4-09DB-4388-81BD-1C1AE958DD14}.Release|x86.ActiveCfg = Release|Any CPU
		{37DE57D4-09DB-4388-81BD-1C1AE958DD14}.Release|x86.Build.0 = Release|Any CPU
		{8C993F06-4162-4111-B4B9-F9A6FD1E0218}.Debug|Any CPU.ActiveCfg = Debug|Any CPU
		{8C993F06-4162-4111-B4B9-F9A6FD1E0218}.Debug|Any CPU.Build.0 = Debug|Any CPU
		{8C993F06-4162-4111-B4B9-F9A6FD1E0218}.Debug|x64.ActiveCfg = Debug|Any CPU
		{8C993F06-4162-4111-B4B9-F9A6FD1E0218}.Debug|x64.Build.0 = Debug|Any CPU
		{8C993F06-4162-4111-B4B9-F9A6FD1E0218}.Debug|x86.ActiveCfg = Debug|Any CPU
		{8C993F06-4162-4111-B4B9-F9A6FD1E0218}.Debug|x86.Build.0 = Debug|Any CPU
		{8C993F06-4162-4111-B4B9-F9A6FD1E0218}.Release|Any CPU.ActiveCfg = Release|Any CPU
		{8C993F06-4162-4111-B4B9-F9A6FD1E0218}.Release|Any CPU.Build.0 = Release|Any CPU
		{8C993F06-4162-4111-B4B9-F9A6FD1E0218}.Release|x64.ActiveCfg = Release|Any CPU
		{8C993F06-4162-4111-B4B9-F9A6FD1E0218}.Release|x64.Build.0 = Release|Any CPU
		{8C993F06-4162-4111-B4B9-F9A6FD1E0218}.Release|x86.ActiveCfg = Release|Any CPU
		{8C993F06-4162-4111-B4B9-F9A6FD1E0218}.Release|x86.Build.0 = Release|Any CPU
		{1A3D93FA-CA7F-44A9-ABD1-88E2A39830F4}.Debug|Any CPU.ActiveCfg = Debug|Any CPU
		{1A3D93FA-CA7F-44A9-ABD1-88E2A39830F4}.Debug|Any CPU.Build.0 = Debug|Any CPU
		{1A3D93FA-CA7F-44A9-ABD1-88E2A39830F4}.Debug|x64.ActiveCfg = Debug|Any CPU
		{1A3D93FA-CA7F-44A9-ABD1-88E2A39830F4}.Debug|x64.Build.0 = Debug|Any CPU
		{1A3D93FA-CA7F-44A9-ABD1-88E2A39830F4}.Debug|x86.ActiveCfg = Debug|Any CPU
		{1A3D93FA-CA7F-44A9-ABD1-88E2A39830F4}.Debug|x86.Build.0 = Debug|Any CPU
		{1A3D93FA-CA7F-44A9-ABD1-88E2A39830F4}.Release|Any CPU.ActiveCfg = Release|Any CPU
		{1A3D93FA-CA7F-44A9-ABD1-88E2A39830F4}.Release|Any CPU.Build.0 = Release|Any CPU
		{1A3D93FA-CA7F-44A9-ABD1-88E2A39830F4}.Release|x64.ActiveCfg = Release|Any CPU
		{1A3D93FA-CA7F-44A9-ABD1-88E2A39830F4}.Release|x64.Build.0 = Release|Any CPU
		{1A3D93FA-CA7F-44A9-ABD1-88E2A39830F4}.Release|x86.ActiveCfg = Release|Any CPU
		{1A3D93FA-CA7F-44A9-ABD1-88E2A39830F4}.Release|x86.Build.0 = Release|Any CPU
		{928F984F-86A4-4C85-B13E-D28EDF82741A}.Debug|Any CPU.ActiveCfg = Debug|Any CPU
		{928F984F-86A4-4C85-B13E-D28EDF82741A}.Debug|Any CPU.Build.0 = Debug|Any CPU
		{928F984F-86A4-4C85-B13E-D28EDF82741A}.Debug|x64.ActiveCfg = Debug|Any CPU
		{928F984F-86A4-4C85-B13E-D28EDF82741A}.Debug|x64.Build.0 = Debug|Any CPU
		{928F984F-86A4-4C85-B13E-D28EDF82741A}.Debug|x86.ActiveCfg = Debug|Any CPU
		{928F984F-86A4-4C85-B13E-D28EDF82741A}.Debug|x86.Build.0 = Debug|Any CPU
		{928F984F-86A4-4C85-B13E-D28EDF82741A}.Release|Any CPU.ActiveCfg = Release|Any CPU
		{928F984F-86A4-4C85-B13E-D28EDF82741A}.Release|Any CPU.Build.0 = Release|Any CPU
		{928F984F-86A4-4C85-B13E-D28EDF82741A}.Release|x64.ActiveCfg = Release|Any CPU
		{928F984F-86A4-4C85-B13E-D28EDF82741A}.Release|x64.Build.0 = Release|Any CPU
		{928F984F-86A4-4C85-B13E-D28EDF82741A}.Release|x86.ActiveCfg = Release|Any CPU
		{928F984F-86A4-4C85-B13E-D28EDF82741A}.Release|x86.Build.0 = Release|Any CPU
		{6C08D5B2-C91C-47D6-803B-ED7419343842}.Debug|Any CPU.ActiveCfg = Debug|Any CPU
		{6C08D5B2-C91C-47D6-803B-ED7419343842}.Debug|Any CPU.Build.0 = Debug|Any CPU
		{6C08D5B2-C91C-47D6-803B-ED7419343842}.Debug|x64.ActiveCfg = Debug|Any CPU
		{6C08D5B2-C91C-47D6-803B-ED7419343842}.Debug|x64.Build.0 = Debug|Any CPU
		{6C08D5B2-C91C-47D6-803B-ED7419343842}.Debug|x86.ActiveCfg = Debug|Any CPU
		{6C08D5B2-C91C-47D6-803B-ED7419343842}.Debug|x86.Build.0 = Debug|Any CPU
		{6C08D5B2-C91C-47D6-803B-ED7419343842}.Release|Any CPU.ActiveCfg = Release|Any CPU
		{6C08D5B2-C91C-47D6-803B-ED7419343842}.Release|Any CPU.Build.0 = Release|Any CPU
		{6C08D5B2-C91C-47D6-803B-ED7419343842}.Release|x64.ActiveCfg = Release|Any CPU
		{6C08D5B2-C91C-47D6-803B-ED7419343842}.Release|x64.Build.0 = Release|Any CPU
		{6C08D5B2-C91C-47D6-803B-ED7419343842}.Release|x86.ActiveCfg = Release|Any CPU
		{6C08D5B2-C91C-47D6-803B-ED7419343842}.Release|x86.Build.0 = Release|Any CPU
		{BDC38BA7-8E03-425A-92CF-595A9A299A0B}.Debug|Any CPU.ActiveCfg = Debug|Any CPU
		{BDC38BA7-8E03-425A-92CF-595A9A299A0B}.Debug|Any CPU.Build.0 = Debug|Any CPU
		{BDC38BA7-8E03-425A-92CF-595A9A299A0B}.Debug|x64.ActiveCfg = Debug|Any CPU
		{BDC38BA7-8E03-425A-92CF-595A9A299A0B}.Debug|x64.Build.0 = Debug|Any CPU
		{BDC38BA7-8E03-425A-92CF-595A9A299A0B}.Debug|x86.ActiveCfg = Debug|Any CPU
		{BDC38BA7-8E03-425A-92CF-595A9A299A0B}.Debug|x86.Build.0 = Debug|Any CPU
		{BDC38BA7-8E03-425A-92CF-595A9A299A0B}.Release|Any CPU.ActiveCfg = Release|Any CPU
		{BDC38BA7-8E03-425A-92CF-595A9A299A0B}.Release|Any CPU.Build.0 = Release|Any CPU
		{BDC38BA7-8E03-425A-92CF-595A9A299A0B}.Release|x64.ActiveCfg = Release|Any CPU
		{BDC38BA7-8E03-425A-92CF-595A9A299A0B}.Release|x64.Build.0 = Release|Any CPU
		{BDC38BA7-8E03-425A-92CF-595A9A299A0B}.Release|x86.ActiveCfg = Release|Any CPU
		{BDC38BA7-8E03-425A-92CF-595A9A299A0B}.Release|x86.Build.0 = Release|Any CPU
		{50714919-1973-4E8E-AB13-2E173ABDE434}.Debug|Any CPU.ActiveCfg = Debug|Any CPU
		{50714919-1973-4E8E-AB13-2E173ABDE434}.Debug|Any CPU.Build.0 = Debug|Any CPU
		{50714919-1973-4E8E-AB13-2E173ABDE434}.Debug|x64.ActiveCfg = Debug|Any CPU
		{50714919-1973-4E8E-AB13-2E173ABDE434}.Debug|x64.Build.0 = Debug|Any CPU
		{50714919-1973-4E8E-AB13-2E173ABDE434}.Debug|x86.ActiveCfg = Debug|Any CPU
		{50714919-1973-4E8E-AB13-2E173ABDE434}.Debug|x86.Build.0 = Debug|Any CPU
		{50714919-1973-4E8E-AB13-2E173ABDE434}.Release|Any CPU.ActiveCfg = Release|Any CPU
		{50714919-1973-4E8E-AB13-2E173ABDE434}.Release|Any CPU.Build.0 = Release|Any CPU
		{50714919-1973-4E8E-AB13-2E173ABDE434}.Release|x64.ActiveCfg = Release|Any CPU
		{50714919-1973-4E8E-AB13-2E173ABDE434}.Release|x64.Build.0 = Release|Any CPU
		{50714919-1973-4E8E-AB13-2E173ABDE434}.Release|x86.ActiveCfg = Release|Any CPU
		{50714919-1973-4E8E-AB13-2E173ABDE434}.Release|x86.Build.0 = Release|Any CPU
		{7E5C68D9-7B9A-4442-9671-1A4AE2BBB480}.Debug|Any CPU.ActiveCfg = Debug|Any CPU
		{7E5C68D9-7B9A-4442-9671-1A4AE2BBB480}.Debug|Any CPU.Build.0 = Debug|Any CPU
		{7E5C68D9-7B9A-4442-9671-1A4AE2BBB480}.Debug|x64.ActiveCfg = Debug|Any CPU
		{7E5C68D9-7B9A-4442-9671-1A4AE2BBB480}.Debug|x64.Build.0 = Debug|Any CPU
		{7E5C68D9-7B9A-4442-9671-1A4AE2BBB480}.Debug|x86.ActiveCfg = Debug|Any CPU
		{7E5C68D9-7B9A-4442-9671-1A4AE2BBB480}.Debug|x86.Build.0 = Debug|Any CPU
		{7E5C68D9-7B9A-4442-9671-1A4AE2BBB480}.Release|Any CPU.ActiveCfg = Release|Any CPU
		{7E5C68D9-7B9A-4442-9671-1A4AE2BBB480}.Release|Any CPU.Build.0 = Release|Any CPU
		{7E5C68D9-7B9A-4442-9671-1A4AE2BBB480}.Release|x64.ActiveCfg = Release|Any CPU
		{7E5C68D9-7B9A-4442-9671-1A4AE2BBB480}.Release|x64.Build.0 = Release|Any CPU
		{7E5C68D9-7B9A-4442-9671-1A4AE2BBB480}.Release|x86.ActiveCfg = Release|Any CPU
		{7E5C68D9-7B9A-4442-9671-1A4AE2BBB480}.Release|x86.Build.0 = Release|Any CPU
		{00B76D22-B82F-43FD-AC48-4B1F56E6910F}.Debug|Any CPU.ActiveCfg = Debug|Any CPU
		{00B76D22-B82F-43FD-AC48-4B1F56E6910F}.Debug|Any CPU.Build.0 = Debug|Any CPU
		{00B76D22-B82F-43FD-AC48-4B1F56E6910F}.Debug|x64.ActiveCfg = Debug|Any CPU
		{00B76D22-B82F-43FD-AC48-4B1F56E6910F}.Debug|x64.Build.0 = Debug|Any CPU
		{00B76D22-B82F-43FD-AC48-4B1F56E6910F}.Debug|x86.ActiveCfg = Debug|Any CPU
		{00B76D22-B82F-43FD-AC48-4B1F56E6910F}.Debug|x86.Build.0 = Debug|Any CPU
		{00B76D22-B82F-43FD-AC48-4B1F56E6910F}.Release|Any CPU.ActiveCfg = Release|Any CPU
		{00B76D22-B82F-43FD-AC48-4B1F56E6910F}.Release|Any CPU.Build.0 = Release|Any CPU
		{00B76D22-B82F-43FD-AC48-4B1F56E6910F}.Release|x64.ActiveCfg = Release|Any CPU
		{00B76D22-B82F-43FD-AC48-4B1F56E6910F}.Release|x64.Build.0 = Release|Any CPU
		{00B76D22-B82F-43FD-AC48-4B1F56E6910F}.Release|x86.ActiveCfg = Release|Any CPU
		{00B76D22-B82F-43FD-AC48-4B1F56E6910F}.Release|x86.Build.0 = Release|Any CPU
		{D5D16083-EB62-4AD5-BD9D-3668ADC86451}.Debug|Any CPU.ActiveCfg = Debug|Any CPU
		{D5D16083-EB62-4AD5-BD9D-3668ADC86451}.Debug|Any CPU.Build.0 = Debug|Any CPU
		{D5D16083-EB62-4AD5-BD9D-3668ADC86451}.Debug|x64.ActiveCfg = Debug|Any CPU
		{D5D16083-EB62-4AD5-BD9D-3668ADC86451}.Debug|x64.Build.0 = Debug|Any CPU
		{D5D16083-EB62-4AD5-BD9D-3668ADC86451}.Debug|x86.ActiveCfg = Debug|Any CPU
		{D5D16083-EB62-4AD5-BD9D-3668ADC86451}.Debug|x86.Build.0 = Debug|Any CPU
		{D5D16083-EB62-4AD5-BD9D-3668ADC86451}.Release|Any CPU.ActiveCfg = Release|Any CPU
		{D5D16083-EB62-4AD5-BD9D-3668ADC86451}.Release|Any CPU.Build.0 = Release|Any CPU
		{D5D16083-EB62-4AD5-BD9D-3668ADC86451}.Release|x64.ActiveCfg = Release|Any CPU
		{D5D16083-EB62-4AD5-BD9D-3668ADC86451}.Release|x64.Build.0 = Release|Any CPU
		{D5D16083-EB62-4AD5-BD9D-3668ADC86451}.Release|x86.ActiveCfg = Release|Any CPU
		{D5D16083-EB62-4AD5-BD9D-3668ADC86451}.Release|x86.Build.0 = Release|Any CPU
		{71A30F5A-FF64-4161-8097-92E937E02A86}.Debug|Any CPU.ActiveCfg = Debug|Any CPU
		{71A30F5A-FF64-4161-8097-92E937E02A86}.Debug|Any CPU.Build.0 = Debug|Any CPU
		{71A30F5A-FF64-4161-8097-92E937E02A86}.Debug|x64.ActiveCfg = Debug|Any CPU
		{71A30F5A-FF64-4161-8097-92E937E02A86}.Debug|x64.Build.0 = Debug|Any CPU
		{71A30F5A-FF64-4161-8097-92E937E02A86}.Debug|x86.ActiveCfg = Debug|Any CPU
		{71A30F5A-FF64-4161-8097-92E937E02A86}.Debug|x86.Build.0 = Debug|Any CPU
		{71A30F5A-FF64-4161-8097-92E937E02A86}.Release|Any CPU.ActiveCfg = Release|Any CPU
		{71A30F5A-FF64-4161-8097-92E937E02A86}.Release|Any CPU.Build.0 = Release|Any CPU
		{71A30F5A-FF64-4161-8097-92E937E02A86}.Release|x64.ActiveCfg = Release|Any CPU
		{71A30F5A-FF64-4161-8097-92E937E02A86}.Release|x64.Build.0 = Release|Any CPU
		{71A30F5A-FF64-4161-8097-92E937E02A86}.Release|x86.ActiveCfg = Release|Any CPU
		{71A30F5A-FF64-4161-8097-92E937E02A86}.Release|x86.Build.0 = Release|Any CPU
		{8E10D86B-92C7-44DF-9F57-F32B2F36BA1C}.Debug|Any CPU.ActiveCfg = Debug|Any CPU
		{8E10D86B-92C7-44DF-9F57-F32B2F36BA1C}.Debug|Any CPU.Build.0 = Debug|Any CPU
		{8E10D86B-92C7-44DF-9F57-F32B2F36BA1C}.Debug|x64.ActiveCfg = Debug|Any CPU
		{8E10D86B-92C7-44DF-9F57-F32B2F36BA1C}.Debug|x64.Build.0 = Debug|Any CPU
		{8E10D86B-92C7-44DF-9F57-F32B2F36BA1C}.Debug|x86.ActiveCfg = Debug|Any CPU
		{8E10D86B-92C7-44DF-9F57-F32B2F36BA1C}.Debug|x86.Build.0 = Debug|Any CPU
		{8E10D86B-92C7-44DF-9F57-F32B2F36BA1C}.Release|Any CPU.ActiveCfg = Release|Any CPU
		{8E10D86B-92C7-44DF-9F57-F32B2F36BA1C}.Release|Any CPU.Build.0 = Release|Any CPU
		{8E10D86B-92C7-44DF-9F57-F32B2F36BA1C}.Release|x64.ActiveCfg = Release|Any CPU
		{8E10D86B-92C7-44DF-9F57-F32B2F36BA1C}.Release|x64.Build.0 = Release|Any CPU
		{8E10D86B-92C7-44DF-9F57-F32B2F36BA1C}.Release|x86.ActiveCfg = Release|Any CPU
		{8E10D86B-92C7-44DF-9F57-F32B2F36BA1C}.Release|x86.Build.0 = Release|Any CPU
	EndGlobalSection
	GlobalSection(SolutionProperties) = preSolution
		HideSolutionNode = FALSE
	EndGlobalSection
	GlobalSection(ExtensibilityGlobals) = postSolution
		SolutionGuid = {BBF3A9F6-71FA-468C-937C-30DCD27454CE}
	EndGlobalSection
EndGlobal
